
Microsoft Visual Studio Solution File, Format Version 12.00
# Visual Studio 15
VisualStudioVersion = 15.0.28010.2026
MinimumVisualStudioVersion = 10.0.40219.1
Project("{00D1A9C2-B5F0-4AF3-8072-F6C62B433612}") = "SSLDatabase", "SSLDatabase\SSLDatabase.sqlproj", "{43C1DF8C-A99B-4B8C-8004-AE29C19BFB57}"
EndProject
Project("{FAE04EC0-301F-11D3-BF4B-00C04F79EFBC}") = "SSLWebAPIAuth", "SSLWebAPIAuth\SSLWebAPIAuth.csproj", "{221456BD-1666-4F1D-8E7B-408E64BC4687}"
EndProject
Global
	GlobalSection(SolutionConfigurationPlatforms) = preSolution
		Debug|Any CPU = Debug|Any CPU
		Release|Any CPU = Release|Any CPU
	EndGlobalSection
	GlobalSection(ProjectConfigurationPlatforms) = postSolution
		{43C1DF8C-A99B-4B8C-8004-AE29C19BFB57}.Debug|Any CPU.ActiveCfg = Debug|Any CPU
		{43C1DF8C-A99B-4B8C-8004-AE29C19BFB57}.Debug|Any CPU.Build.0 = Debug|Any CPU
		{43C1DF8C-A99B-4B8C-8004-AE29C19BFB57}.Debug|Any CPU.Deploy.0 = Debug|Any CPU
		{43C1DF8C-A99B-4B8C-8004-AE29C19BFB57}.Release|Any CPU.ActiveCfg = Release|Any CPU
		{43C1DF8C-A99B-4B8C-8004-AE29C19BFB57}.Release|Any CPU.Build.0 = Release|Any CPU
		{43C1DF8C-A99B-4B8C-8004-AE29C19BFB57}.Release|Any CPU.Deploy.0 = Release|Any CPU
		{221456BD-1666-4F1D-8E7B-408E64BC4687}.Debug|Any CPU.ActiveCfg = Debug|Any CPU
		{221456BD-1666-4F1D-8E7B-408E64BC4687}.Debug|Any CPU.Build.0 = Debug|Any CPU
		{221456BD-1666-4F1D-8E7B-408E64BC4687}.Release|Any CPU.ActiveCfg = Release|Any CPU
		{221456BD-1666-4F1D-8E7B-408E64BC4687}.Release|Any CPU.Build.0 = Release|Any CPU
	EndGlobalSection
	GlobalSection(SolutionProperties) = preSolution
		HideSolutionNode = FALSE
	EndGlobalSection
	GlobalSection(ExtensibilityGlobals) = postSolution
		SolutionGuid = {391D531B-8A26-45B7-82F7-C1CBDF289824}
	EndGlobalSection
EndGlobal
